// !$*UTF8*$!
{
	archiveVersion = 1;
	classes = {
	};
	objectVersion = 46;
	objects = {

/* Begin PBXBuildFile section */
		61866A0820A025A20015CFDF /* YQ.swift in Sources */ = {isa = PBXBuildFile; fileRef = 618669FB20A025A10015CFDF /* YQ.swift */; };
		61866A0920A025A20015CFDF /* YQCircleImage.swift in Sources */ = {isa = PBXBuildFile; fileRef = 618669FC20A025A10015CFDF /* YQCircleImage.swift */; };
		61866A0A20A025A20015CFDF /* YQDictionary.swift in Sources */ = {isa = PBXBuildFile; fileRef = 618669FD20A025A10015CFDF /* YQDictionary.swift */; };
		61866A0B20A025A20015CFDF /* YQEdgeInsets.swift in Sources */ = {isa = PBXBuildFile; fileRef = 618669FE20A025A10015CFDF /* YQEdgeInsets.swift */; };
		61866A0C20A025A20015CFDF /* YQImage.swift in Sources */ = {isa = PBXBuildFile; fileRef = 618669FF20A025A10015CFDF /* YQImage.swift */; };
		61866A0D20A025A20015CFDF /* YQInsetLabel.swift in Sources */ = {isa = PBXBuildFile; fileRef = 61866A0020A025A10015CFDF /* YQInsetLabel.swift */; };
		61866A0E20A025A20015CFDF /* YQObject.swift in Sources */ = {isa = PBXBuildFile; fileRef = 61866A0120A025A10015CFDF /* YQObject.swift */; };
		61866A0F20A025A20015CFDF /* YQRoundImageView.swift in Sources */ = {isa = PBXBuildFile; fileRef = 61866A0220A025A10015CFDF /* YQRoundImageView.swift */; };
		61866A1020A025A20015CFDF /* YQSize.swift in Sources */ = {isa = PBXBuildFile; fileRef = 61866A0320A025A10015CFDF /* YQSize.swift */; };
		61866A1120A025A20015CFDF /* YQTableView.swift in Sources */ = {isa = PBXBuildFile; fileRef = 61866A0420A025A10015CFDF /* YQTableView.swift */; };
		61866A1220A025A20015CFDF /* YQUserInterface.swift in Sources */ = {isa = PBXBuildFile; fileRef = 61866A0520A025A10015CFDF /* YQUserInterface.swift */; };
		61866A1320A025A20015CFDF /* YQView.swift in Sources */ = {isa = PBXBuildFile; fileRef = 61866A0620A025A10015CFDF /* YQView.swift */; };
		61866A1420A025A20015CFDF /* YQViewController.swift in Sources */ = {isa = PBXBuildFile; fileRef = 61866A0720A025A10015CFDF /* YQViewController.swift */; };
		D83A91F71F78937600576840 /* AppDelegate.swift in Sources */ = {isa = PBXBuildFile; fileRef = D83A91F61F78937600576840 /* AppDelegate.swift */; };
		D83A91F91F78937600576840 /* ViewController.swift in Sources */ = {isa = PBXBuildFile; fileRef = D83A91F81F78937600576840 /* ViewController.swift */; };
		D83A91FC1F78937600576840 /* Main.storyboard in Resources */ = {isa = PBXBuildFile; fileRef = D83A91FA1F78937600576840 /* Main.storyboard */; };
		D83A91FE1F78937600576840 /* Assets.xcassets in Resources */ = {isa = PBXBuildFile; fileRef = D83A91FD1F78937600576840 /* Assets.xcassets */; };
		D83A92011F78937600576840 /* LaunchScreen.storyboard in Resources */ = {isa = PBXBuildFile; fileRef = D83A91FF1F78937600576840 /* LaunchScreen.storyboard */; };
/* End PBXBuildFile section */

/* Begin PBXFileReference section */
		618669FB20A025A10015CFDF /* YQ.swift */ = {isa = PBXFileReference; fileEncoding = 4; lastKnownFileType = sourcecode.swift; path = YQ.swift; sourceTree = "<group>"; };
		618669FC20A025A10015CFDF /* YQCircleImage.swift */ = {isa = PBXFileReference; fileEncoding = 4; lastKnownFileType = sourcecode.swift; path = YQCircleImage.swift; sourceTree = "<group>"; };
		618669FD20A025A10015CFDF /* YQDictionary.swift */ = {isa = PBXFileReference; fileEncoding = 4; lastKnownFileType = sourcecode.swift; path = YQDictionary.swift; sourceTree = "<group>"; };
		618669FE20A025A10015CFDF /* YQEdgeInsets.swift */ = {isa = PBXFileReference; fileEncoding = 4; lastKnownFileType = sourcecode.swift; path = YQEdgeInsets.swift; sourceTree = "<group>"; };
		618669FF20A025A10015CFDF /* YQImage.swift */ = {isa = PBXFileReference; fileEncoding = 4; lastKnownFileType = sourcecode.swift; path = YQImage.swift; sourceTree = "<group>"; };
		61866A0020A025A10015CFDF /* YQInsetLabel.swift */ = {isa = PBXFileReference; fileEncoding = 4; lastKnownFileType = sourcecode.swift; path = YQInsetLabel.swift; sourceTree = "<group>"; };
		61866A0120A025A10015CFDF /* YQObject.swift */ = {isa = PBXFileReference; fileEncoding = 4; lastKnownFileType = sourcecode.swift; path = YQObject.swift; sourceTree = "<group>"; };
		61866A0220A025A10015CFDF /* YQRoundImageView.swift */ = {isa = PBXFileReference; fileEncoding = 4; lastKnownFileType = sourcecode.swift; path = YQRoundImageView.swift; sourceTree = "<group>"; };
		61866A0320A025A10015CFDF /* YQSize.swift */ = {isa = PBXFileReference; fileEncoding = 4; lastKnownFileType = sourcecode.swift; path = YQSize.swift; sourceTree = "<group>"; };
		61866A0420A025A10015CFDF /* YQTableView.swift */ = {isa = PBXFileReference; fileEncoding = 4; lastKnownFileType = sourcecode.swift; path = YQTableView.swift; sourceTree = "<group>"; };
		61866A0520A025A10015CFDF /* YQUserInterface.swift */ = {isa = PBXFileReference; fileEncoding = 4; lastKnownFileType = sourcecode.swift; path = YQUserInterface.swift; sourceTree = "<group>"; };
		61866A0620A025A10015CFDF /* YQView.swift */ = {isa = PBXFileReference; fileEncoding = 4; lastKnownFileType = sourcecode.swift; path = YQView.swift; sourceTree = "<group>"; };
		61866A0720A025A10015CFDF /* YQViewController.swift */ = {isa = PBXFileReference; fileEncoding = 4; lastKnownFileType = sourcecode.swift; path = YQViewController.swift; sourceTree = "<group>"; };
		D83A91F31F78937600576840 /* Demo.app */ = {isa = PBXFileReference; explicitFileType = wrapper.application; includeInIndex = 0; path = Demo.app; sourceTree = BUILT_PRODUCTS_DIR; };
		D83A91F61F78937600576840 /* AppDelegate.swift */ = {isa = PBXFileReference; lastKnownFileType = sourcecode.swift; lineEnding = 0; path = AppDelegate.swift; sourceTree = "<group>"; xcLanguageSpecificationIdentifier = xcode.lang.swift; };
		D83A91F81F78937600576840 /* ViewController.swift */ = {isa = PBXFileReference; lastKnownFileType = sourcecode.swift; path = ViewController.swift; sourceTree = "<group>"; };
		D83A91FB1F78937600576840 /* Base */ = {isa = PBXFileReference; lastKnownFileType = file.storyboard; name = Base; path = Base.lproj/Main.storyboard; sourceTree = "<group>"; };
		D83A91FD1F78937600576840 /* Assets.xcassets */ = {isa = PBXFileReference; lastKnownFileType = folder.assetcatalog; path = Assets.xcassets; sourceTree = "<group>"; };
		D83A92001F78937600576840 /* Base */ = {isa = PBXFileReference; lastKnownFileType = file.storyboard; name = Base; path = Base.lproj/LaunchScreen.storyboard; sourceTree = "<group>"; };
		D83A92021F78937600576840 /* Info.plist */ = {isa = PBXFileReference; lastKnownFileType = text.plist.xml; path = Info.plist; sourceTree = "<group>"; };
/* End PBXFileReference section */

/* Begin PBXFrameworksBuildPhase section */
		D83A91F01F78937600576840 /* Frameworks */ = {
			isa = PBXFrameworksBuildPhase;
			buildActionMask = 2147483647;
			files = (
			);
			runOnlyForDeploymentPostprocessing = 0;
		};
/* End PBXFrameworksBuildPhase section */

/* Begin PBXGroup section */
		618669FA20A025A10015CFDF /* YQKit */ = {
			isa = PBXGroup;
			children = (
				618669FB20A025A10015CFDF /* YQ.swift */,
				618669FC20A025A10015CFDF /* YQCircleImage.swift */,
				618669FD20A025A10015CFDF /* YQDictionary.swift */,
				618669FE20A025A10015CFDF /* YQEdgeInsets.swift */,
				618669FF20A025A10015CFDF /* YQImage.swift */,
				61866A0020A025A10015CFDF /* YQInsetLabel.swift */,
				61866A0120A025A10015CFDF /* YQObject.swift */,
				61866A0220A025A10015CFDF /* YQRoundImageView.swift */,
				61866A0320A025A10015CFDF /* YQSize.swift */,
				61866A0420A025A10015CFDF /* YQTableView.swift */,
				61866A0520A025A10015CFDF /* YQUserInterface.swift */,
				61866A0620A025A10015CFDF /* YQView.swift */,
				61866A0720A025A10015CFDF /* YQViewController.swift */,
			);
			name = YQKit;
			path = ../YQKit;
			sourceTree = "<group>";
		};
		D83A91EA1F78937600576840 = {
			isa = PBXGroup;
			children = (
				618669FA20A025A10015CFDF /* YQKit */,
				D83A91F51F78937600576840 /* Demo */,
				D83A91F41F78937600576840 /* Products */,
			);
			sourceTree = "<group>";
		};
		D83A91F41F78937600576840 /* Products */ = {
			isa = PBXGroup;
			children = (
				D83A91F31F78937600576840 /* Demo.app */,
			);
			name = Products;
			sourceTree = "<group>";
		};
		D83A91F51F78937600576840 /* Demo */ = {
			isa = PBXGroup;
			children = (
				D83A91F61F78937600576840 /* AppDelegate.swift */,
				D83A91F81F78937600576840 /* ViewController.swift */,
				D83A91FA1F78937600576840 /* Main.storyboard */,
				D83A91FD1F78937600576840 /* Assets.xcassets */,
				D83A91FF1F78937600576840 /* LaunchScreen.storyboard */,
				D83A92021F78937600576840 /* Info.plist */,
			);
			path = Demo;
			sourceTree = "<group>";
		};
/* End PBXGroup section */

/* Begin PBXNativeTarget section */
		D83A91F21F78937600576840 /* Demo */ = {
			isa = PBXNativeTarget;
			buildConfigurationList = D83A92051F78937600576840 /* Build configuration list for PBXNativeTarget "Demo" */;
			buildPhases = (
				D83A91EF1F78937600576840 /* Sources */,
				D83A91F01F78937600576840 /* Frameworks */,
				D83A91F11F78937600576840 /* Resources */,
			);
			buildRules = (
			);
			dependencies = (
			);
			name = Demo;
			productName = Demo;
			productReference = D83A91F31F78937600576840 /* Demo.app */;
			productType = "com.apple.product-type.application";
		};
/* End PBXNativeTarget section */

/* Begin PBXProject section */
		D83A91EB1F78937600576840 /* Project object */ = {
			isa = PBXProject;
			attributes = {
				LastSwiftUpdateCheck = 0830;
				LastUpgradeCheck = 0830;
				ORGANIZATIONNAME = yiquan;
				TargetAttributes = {
					D83A91F21F78937600576840 = {
						CreatedOnToolsVersion = 8.3.3;
						ProvisioningStyle = Automatic;
					};
				};
			};
			buildConfigurationList = D83A91EE1F78937600576840 /* Build configuration list for PBXProject "Demo" */;
			compatibilityVersion = "Xcode 3.2";
			developmentRegion = English;
			hasScannedForEncodings = 0;
			knownRegions = (
				en,
				Base,
			);
			mainGroup = D83A91EA1F78937600576840;
			productRefGroup = D83A91F41F78937600576840 /* Products */;
			projectDirPath = "";
			projectRoot = "";
			targets = (
				D83A91F21F78937600576840 /* Demo */,
			);
		};
/* End PBXProject section */

/* Begin PBXResourcesBuildPhase section */
		D83A91F11F78937600576840 /* Resources */ = {
			isa = PBXResourcesBuildPhase;
			buildActionMask = 2147483647;
			files = (
				D83A92011F78937600576840 /* LaunchScreen.storyboard in Resources */,
				D83A91FE1F78937600576840 /* Assets.xcassets in Resources */,
				D83A91FC1F78937600576840 /* Main.storyboard in Resources */,
			);
			runOnlyForDeploymentPostprocessing = 0;
		};
/* End PBXResourcesBuildPhase section */

/* Begin PBXSourcesBuildPhase section */
		D83A91EF1F78937600576840 /* Sources */ = {
			isa = PBXSourcesBuildPhase;
			buildActionMask = 2147483647;
			files = (
				61866A0B20A025A20015CFDF /* YQEdgeInsets.swift in Sources */,
				61866A1020A025A20015CFDF /* YQSize.swift in Sources */,
				D83A91F91F78937600576840 /* ViewController.swift in Sources */,
				61866A0D20A025A20015CFDF /* YQInsetLabel.swift in Sources */,
				61866A1320A025A20015CFDF /* YQView.swift in Sources */,
				61866A0A20A025A20015CFDF /* YQDictionary.swift in Sources */,
				61866A1220A025A20015CFDF /* YQUserInterface.swift in Sources */,
				61866A1120A025A20015CFDF /* YQTableView.swift in Sources */,
				61866A0C20A025A20015CFDF /* YQImage.swift in Sources */,
				61866A0F20A025A20015CFDF /* YQRoundImageView.swift in Sources */,
				61866A0920A025A20015CFDF /* YQCircleImage.swift in Sources */,
				D83A91F71F78937600576840 /* AppDelegate.swift in Sources */,
				61866A1420A025A20015CFDF /* YQViewController.swift in Sources */,
				61866A0820A025A20015CFDF /* YQ.swift in Sources */,
				61866A0E20A025A20015CFDF /* YQObject.swift in Sources */,
			);
			runOnlyForDeploymentPostprocessing = 0;
		};
/* End PBXSourcesBuildPhase section */

/* Begin PBXVariantGroup section */
		D83A91FA1F78937600576840 /* Main.storyboard */ = {
			isa = PBXVariantGroup;
			children = (
				D83A91FB1F78937600576840 /* Base */,
			);
			name = Main.storyboard;
			sourceTree = "<group>";
		};
		D83A91FF1F78937600576840 /* LaunchScreen.storyboard */ = {
			isa = PBXVariantGroup;
			children = (
				D83A92001F78937600576840 /* Base */,
			);
			name = LaunchScreen.storyboard;
			sourceTree = "<group>";
		};
/* End PBXVariantGroup section */

/* Begin XCBuildConfiguration section */
		D83A92031F78937600576840 /* Debug */ = {
			isa = XCBuildConfiguration;
			buildSettings = {
				ALWAYS_SEARCH_USER_PATHS = NO;
				CLANG_ANALYZER_NONNULL = YES;
				CLANG_ANALYZER_NUMBER_OBJECT_CONVERSION = YES_AGGRESSIVE;
				CLANG_CXX_LANGUAGE_STANDARD = "gnu++0x";
				CLANG_CXX_LIBRARY = "libc++";
				CLANG_ENABLE_MODULES = YES;
				CLANG_ENABLE_OBJC_ARC = YES;
				CLANG_WARN_BOOL_CONVERSION = YES;
				CLANG_WARN_CONSTANT_CONVERSION = YES;
				CLANG_WARN_DIRECT_OBJC_ISA_USAGE = YES_ERROR;
				CLANG_WARN_DOCUMENTATION_COMMENTS = YES;
				CLANG_WARN_EMPTY_BODY = YES;
				CLANG_WARN_ENUM_CONVERSION = YES;
				CLANG_WARN_INFINITE_RECURSION = YES;
				CLANG_WARN_INT_CONVERSION = YES;
				CLANG_WARN_OBJC_ROOT_CLASS = YES_ERROR;
				CLANG_WARN_SUSPICIOUS_MOVE = YES;
				CLANG_WARN_UNREACHABLE_CODE = YES;
				CLANG_WARN__DUPLICATE_METHOD_MATCH = YES;
				"CODE_SIGN_IDENTITY[sdk=iphoneos*]" = "iPhone Developer";
				COPY_PHASE_STRIP = NO;
				DEBUG_INFORMATION_FORMAT = dwarf;
				ENABLE_STRICT_OBJC_MSGSEND = YES;
				ENABLE_TESTABILITY = YES;
				GCC_C_LANGUAGE_STANDARD = gnu99;
				GCC_DYNAMIC_NO_PIC = NO;
				GCC_NO_COMMON_BLOCKS = YES;
				GCC_OPTIMIZATION_LEVEL = 0;
				GCC_PREPROCESSOR_DEFINITIONS = (
					"DEBUG=1",
					"$(inherited)",
				);
				GCC_WARN_64_TO_32_BIT_CONVERSION = YES;
				GCC_WARN_ABOUT_RETURN_TYPE = YES_ERROR;
				GCC_WARN_UNDECLARED_SELECTOR = YES;
				GCC_WARN_UNINITIALIZED_AUTOS = YES_AGGRESSIVE;
				GCC_WARN_UNUSED_FUNCTION = YES;
				GCC_WARN_UNUSED_VARIABLE = YES;
				IPHONEOS_DEPLOYMENT_TARGET = 10.3;
				MTL_ENABLE_DEBUG_INFO = YES;
				ONLY_ACTIVE_ARCH = YES;
				SDKROOT = iphoneos;
				SWIFT_ACTIVE_COMPILATION_CONDITIONS = DEBUG;
				SWIFT_OPTIMIZATION_LEVEL = "-Onone";
				TARGETED_DEVICE_FAMILY = "1,2";
			};
			name = Debug;
		};
		D83A92041F78937600576840 /* Release */ = {
			isa = XCBuildConfiguration;
			buildSettings = {
				ALWAYS_SEARCH_USER_PATHS = NO;
				CLANG_ANALYZER_NONNULL = YES;
				CLANG_ANALYZER_NUMBER_OBJECT_CONVERSION = YES_AGGRESSIVE;
				CLANG_CXX_LANGUAGE_STANDARD = "gnu++0x";
				CLANG_CXX_LIBRARY = "libc++";
				CLANG_ENABLE_MODULES = YES;
				CLANG_ENABLE_OBJC_ARC = YES;
				CLANG_WARN_BOOL_CONVERSION = YES;
				CLANG_WARN_CONSTANT_CONVERSION = YES;
				CLANG_WARN_DIRECT_OBJC_ISA_USAGE = YES_ERROR;
				CLANG_WARN_DOCUMENTATION_COMMENTS = YES;
				CLANG_WARN_EMPTY_BODY = YES;
				CLANG_WARN_ENUM_CONVERSION = YES;
				CLANG_WARN_INFINITE_RECURSION = YES;
				CLANG_WARN_INT_CONVERSION = YES;
				CLANG_WARN_OBJC_ROOT_CLASS = YES_ERROR;
				CLANG_WARN_SUSPICIOUS_MOVE = YES;
				CLANG_WARN_UNREACHABLE_CODE = YES;
				CLANG_WARN__DUPLICATE_METHOD_MATCH = YES;
				"CODE_SIGN_IDENTITY[sdk=iphoneos*]" = "iPhone Developer";
				COPY_PHASE_STRIP = NO;
				DEBUG_INFORMATION_FORMAT = "dwarf-with-dsym";
				ENABLE_NS_ASSERTIONS = NO;
				ENABLE_STRICT_OBJC_MSGSEND = YES;
				GCC_C_LANGUAGE_STANDARD = gnu99;
				GCC_NO_COMMON_BLOCKS = YES;
				GCC_WARN_64_TO_32_BIT_CONVERSION = YES;
				GCC_WARN_ABOUT_RETURN_TYPE = YES_ERROR;
				GCC_WARN_UNDECLARED_SELECTOR = YES;
				GCC_WARN_UNINITIALIZED_AUTOS = YES_AGGRESSIVE;
				GCC_WARN_UNUSED_FUNCTION = YES;
				GCC_WARN_UNUSED_VARIABLE = YES;
				IPHONEOS_DEPLOYMENT_TARGET = 10.3;
				MTL_ENABLE_DEBUG_INFO = NO;
				SDKROOT = iphoneos;
				SWIFT_OPTIMIZATION_LEVEL = "-Owholemodule";
				TARGETED_DEVICE_FAMILY = "1,2";
				VALIDATE_PRODUCT = YES;
			};
			name = Release;
		};
		D83A92061F78937600576840 /* Debug */ = {
			isa = XCBuildConfiguration;
			buildSettings = {
				ASSETCATALOG_COMPILER_APPICON_NAME = AppIcon;
				INFOPLIST_FILE = Demo/Info.plist;
				LD_RUNPATH_SEARCH_PATHS = "$(inherited) @executable_path/Frameworks";
				PRODUCT_BUNDLE_IDENTIFIER = yiquan.com.Demo;
				PRODUCT_NAME = "$(TARGET_NAME)";
				SWIFT_VERSION = 4.0;
			};
			name = Debug;
		};
		D83A92071F78937600576840 /* Release */ = {
			isa = XCBuildConfiguration;
			buildSettings = {
				ASSETCATALOG_COMPILER_APPICON_NAME = AppIcon;
				INFOPLIST_FILE = Demo/Info.plist;
				LD_RUNPATH_SEARCH_PATHS = "$(inherited) @executable_path/Frameworks";
				PRODUCT_BUNDLE_IDENTIFIER = yiquan.com.Demo;
				PRODUCT_NAME = "$(TARGET_NAME)";
				SWIFT_VERSION = 4.0;
			};
			name = Release;
		};
/* End XCBuildConfiguration section */

/* Begin XCConfigurationList section */
		D83A91EE1F78937600576840 /* Build configuration list for PBXProject "Demo" */ = {
			isa = XCConfigurationList;
			buildConfigurations = (
				D83A92031F78937600576840 /* Debug */,
				D83A92041F78937600576840 /* Release */,
			);
			defaultConfigurationIsVisible = 0;
			defaultConfigurationName = Release;
		};
		D83A92051F78937600576840 /* Build configuration list for PBXNativeTarget "Demo" */ = {
			isa = XCConfigurationList;
			buildConfigurations = (
				D83A92061F78937600576840 /* Debug */,
				D83A92071F78937600576840 /* Release */,
			);
			defaultConfigurationIsVisible = 0;
			defaultConfigurationName = Release;
		};
/* End XCConfigurationList section */
	};
	rootObject = D83A91EB1F78937600576840 /* Project object */;
}
